
Microsoft Visual Studio Solution File, Format Version 12.00
# Visual Studio Version 17
VisualStudioVersion = 17.5.33424.131
MinimumVisualStudioVersion = 10.0.40219.1
Project("{9A19103F-16F7-4668-BE54-9A1E7A4F7556}") = "Almacen", "Almacen.csproj", "{64ADBE85-61D5-4E61-8E09-4871E4E9FC16}"
EndProject
Project("{9A19103F-16F7-4668-BE54-9A1E7A4F7556}") = "Conexion", "Modulos\Conexion\Conexion.csproj", "{C4367373-5B89-498F-A556-2208E68CCFB2}"
EndProject
Project("{9A19103F-16F7-4668-BE54-9A1E7A4F7556}") = "Negocio", "Modulos\Negocio\Negocio.csproj", "{68ED1D5E-0353-4E6A-B906-E51CAFC6C61E}"
EndProject
Global
	GlobalSection(SolutionConfigurationPlatforms) = preSolution
		Debug|Any CPU = Debug|Any CPU
		Release|Any CPU = Release|Any CPU
	EndGlobalSection
	GlobalSection(ProjectConfigurationPlatforms) = postSolution
		{64ADBE85-61D5-4E61-8E09-4871E4E9FC16}.Debug|Any CPU.ActiveCfg = Debug|Any CPU
		{64ADBE85-61D5-4E61-8E09-4871E4E9FC16}.Debug|Any CPU.Build.0 = Debug|Any CPU
		{64ADBE85-61D5-4E61-8E09-4871E4E9FC16}.Release|Any CPU.ActiveCfg = Release|Any CPU
		{64ADBE85-61D5-4E61-8E09-4871E4E9FC16}.Release|Any CPU.Build.0 = Release|Any CPU
		{C4367373-5B89-498F-A556-2208E68CCFB2}.Debug|Any CPU.ActiveCfg = Debug|Any CPU
		{C4367373-5B89-498F-A556-2208E68CCFB2}.Debug|Any CPU.Build.0 = Debug|Any CPU
		{C4367373-5B89-498F-A556-2208E68CCFB2}.Release|Any CPU.ActiveCfg = Release|Any CPU
		{C4367373-5B89-498F-A556-2208E68CCFB2}.Release|Any CPU.Build.0 = Release|Any CPU
		{68ED1D5E-0353-4E6A-B906-E51CAFC6C61E}.Debug|Any CPU.ActiveCfg = Debug|Any CPU
		{68ED1D5E-0353-4E6A-B906-E51CAFC6C61E}.Debug|Any CPU.Build.0 = Debug|Any CPU
		{68ED1D5E-0353-4E6A-B906-E51CAFC6C61E}.Release|Any CPU.ActiveCfg = Release|Any CPU
		{68ED1D5E-0353-4E6A-B906-E51CAFC6C61E}.Release|Any CPU.Build.0 = Release|Any CPU
	EndGlobalSection
	GlobalSection(SolutionProperties) = preSolution
		HideSolutionNode = FALSE
	EndGlobalSection
	GlobalSection(ExtensibilityGlobals) = postSolution
		SolutionGuid = {BCB2ECAF-A842-4763-B2BD-BAA40AD1600B}
	EndGlobalSection
EndGlobal
